{
  "name": "qshield-js",
  "version": "1.0.2",
  "lockfileVersion": 3,
  "requires": true,
  "packages": {
    "": {
      "name": "qshield-js",
      "version": "1.0.2",
      "license": "MIT",
      "dependencies": {
        "base64-arraybuffer": "^1.0.2",
        "buffer": "^6.0.3",
        "crystals-kyber-js": "^2.5.0",
        "js-chacha20": "^1.1.0",
        "ts-chacha20": "^1.1.0"
      },
      "engines": {
        "node": ">=16"
      }
    },
    "node_modules/base64-arraybuffer": {
      "version": "1.0.2",
      "resolved": "https://registry.npmjs.org/base64-arraybuffer/-/base64-arraybuffer-1.0.2.tgz",
      "integrity": "sha512-I3yl4r9QB5ZRY3XuJVEPfc2XhZO6YweFPI+UovAzn+8/hb3oJ6lnysaFcjVpkCPfVWFUDvoZ8kmVDP7WyRtYtQ==",
      "license": "MIT",
      "engines": {
        "node": ">= 0.6.0"
      }
    },
    "node_modules/base64-js": {
      "version": "1.5.1",
      "resolved": "https://registry.npmjs.org/base64-js/-/base64-js-1.5.1.tgz",
      "integrity": "sha512-AKpaYlHn8t4SVbOHCy+b5+KKgvR4vrsD8vbvrbiQJps7fKDTkjkDry6ji0rUJjC0kzbNePLwzxq8iypo41qeWA==",
      "funding": [
        {
          "type": "github",
          "url": "https://github.com/sponsors/feross"
        },
        {
          "type": "patreon",
          "url": "https://www.patreon.com/feross"
        },
        {
          "type": "consulting",
          "url": "https://feross.org/support"
        }
      ],
      "license": "MIT"
    },
    "node_modules/buffer": {
      "version": "6.0.3",
      "resolved": "https://registry.npmjs.org/buffer/-/buffer-6.0.3.tgz",
      "integrity": "sha512-FTiCpNxtwiZZHEZbcbTIcZjERVICn9yq/pDFkTl95/AxzD1naBctN7YO68riM/gLSDY7sdrMby8hofADYuuqOA==",
      "funding": [
        {
          "type": "github",
          "url": "https://github.com/sponsors/feross"
        },
        {
          "type": "patreon",
          "url": "https://www.patreon.com/feross"
        },
        {
          "type": "consulting",
          "url": "https://feross.org/support"
        }
      ],
      "license": "MIT",
      "dependencies": {
        "base64-js": "^1.3.1",
        "ieee754": "^1.2.1"
      }
    },
    "node_modules/crystals-kyber-js": {
      "version": "2.5.0",
      "resolved": "https://registry.npmjs.org/crystals-kyber-js/-/crystals-kyber-js-2.5.0.tgz",
      "integrity": "sha512-L61fq9ZifBeAQXcMCrNisXrOZ8HWkVL/IMvEXOsoEMa4jO/mIUnO3H0UVKfuwqhYkJmBey+NCSehNP+U+SzsOA==",
      "license": "MIT",
      "engines": {
        "node": ">=16.0.0"
      }
    },
    "node_modules/ieee754": {
      "version": "1.2.1",
      "resolved": "https://registry.npmjs.org/ieee754/-/ieee754-1.2.1.tgz",
      "integrity": "sha512-dcyqhDvX1C46lXZcVqCpK+FtMRQVdIMN6/Df5js2zouUsqG7I6sFxitIC+7KYK29KdXOLHdu9zL4sFnoVQnqaA==",
      "funding": [
        {
          "type": "github",
          "url": "https://github.com/sponsors/feross"
        },
        {
          "type": "patreon",
          "url": "https://www.patreon.com/feross"
        },
        {
          "type": "consulting",
          "url": "https://feross.org/support"
        }
      ],
      "license": "BSD-3-Clause"
    },
    "node_modules/js-chacha20": {
      "version": "1.1.0",
      "resolved": "https://registry.npmjs.org/js-chacha20/-/js-chacha20-1.1.0.tgz",
      "integrity": "sha512-ML5/rujYI/iYydrkIdf+JtUyjmiTWd4UgxNkEmIQ/rltgHzgtzlYJnnMETxPTFGnivEWynZca4YXUoZlxVtjqA==",
      "license": "MIT"
    },
    "node_modules/ts-chacha20": {
      "version": "1.2.0",
      "resolved": "https://registry.npmjs.org/ts-chacha20/-/ts-chacha20-1.2.0.tgz",
      "integrity": "sha512-PTyPoWYHc2we8P2NTn5hpYG211popWbkjiw+k63xqjeMrx9pPtXSclz9F3fu0Tpr+vfR1xxcQFwsEkh1cXMLqw==",
      "license": "MIT"
    }
  }
}
