{
  "name": "qshield-js",
  "version": "1.0.0",
  "lockfileVersion": 3,
  "requires": true,
  "packages": {
    "": {
      "name": "qshield-js",
      "version": "1.0.0",
      "license": "MIT",
      "dependencies": {
        "base64-arraybuffer": "^0.2.0",
        "crystals-kyber-js": "^2.0.2",
        "ts-chacha20": "^1.2.0"
      },
      "engines": {
        "node": ">=16"
      }
    },
    "node_modules/base64-arraybuffer": {
      "version": "0.2.0",
      "resolved": "https://registry.npmjs.org/base64-arraybuffer/-/base64-arraybuffer-0.2.0.tgz",
      "integrity": "sha512-7emyCsu1/xiBXgQZrscw/8KPRT44I4Yq9Pe6EGs3aPRTsWuggML1/1DTuZUuIaJPIm1FTDUVXl4x/yW8s0kQDQ==",
      "engines": {
        "node": ">= 0.6.0"
      }
    },
    "node_modules/crystals-kyber-js": {
      "version": "2.5.0",
      "resolved": "https://registry.npmjs.org/crystals-kyber-js/-/crystals-kyber-js-2.5.0.tgz",
      "integrity": "sha512-L61fq9ZifBeAQXcMCrNisXrOZ8HWkVL/IMvEXOsoEMa4jO/mIUnO3H0UVKfuwqhYkJmBey+NCSehNP+U+SzsOA==",
      "license": "MIT",
      "engines": {
        "node": ">=16.0.0"
      }
    },
    "node_modules/ts-chacha20": {
      "version": "1.2.0",
      "resolved": "https://registry.npmjs.org/ts-chacha20/-/ts-chacha20-1.2.0.tgz",
      "integrity": "sha512-PTyPoWYHc2we8P2NTn5hpYG211popWbkjiw+k63xqjeMrx9pPtXSclz9F3fu0Tpr+vfR1xxcQFwsEkh1cXMLqw==",
      "license": "MIT"
    }
  }
}
